<Solution>
  <Folder Name="/Libraries/" />
  <Folder Name="/Libraries/ComplexLib/">
    <Project Path="Complex/src/Complex.csproj" />
    <Project Path="test/ComplexTest/ComplexTest.csproj" />
  </Folder>
  <Folder Name="/Libraries/MirrorLib/">
    <Project Path="Mirror/src/Mirror.csproj" />
    <Project Path="Mirror/test/MirrorTest/MirrorTest.csproj" />
  </Folder>
</Solution>
